
Microsoft Visual Studio Solution File, Format Version 12.00
# Visual Studio Version 17
VisualStudioVersion = 17.6.33723.286
MinimumVisualStudioVersion = 10.0.40219.1
Project("{FAE04EC0-301F-11D3-BF4B-00C04F79EFBC}") = "Приложение", "Приложение\Приложение.csproj", "{04F62AE1-3B66-4D26-A2C0-80D5D457F7B7}"
EndProject
Global
	GlobalSection(SolutionConfigurationPlatforms) = preSolution
		Debug|Any CPU = Debug|Any CPU
		Release|Any CPU = Release|Any CPU
	EndGlobalSection
	GlobalSection(ProjectConfigurationPlatforms) = postSolution
		{04F62AE1-3B66-4D26-A2C0-80D5D457F7B7}.Debug|Any CPU.ActiveCfg = Debug|Any CPU
		{04F62AE1-3B66-4D26-A2C0-80D5D457F7B7}.Debug|Any CPU.Build.0 = Debug|Any CPU
		{04F62AE1-3B66-4D26-A2C0-80D5D457F7B7}.Release|Any CPU.ActiveCfg = Release|Any CPU
		{04F62AE1-3B66-4D26-A2C0-80D5D457F7B7}.Release|Any CPU.Build.0 = Release|Any CPU
	EndGlobalSection
	GlobalSection(SolutionProperties) = preSolution
		HideSolutionNode = FALSE
	EndGlobalSection
	GlobalSection(ExtensibilityGlobals) = postSolution
		SolutionGuid = {BCBABEC5-8166-465A-9617-DA6AEDF00888}
	EndGlobalSection
EndGlobal
